// !$*UTF8*$!
{
	archiveVersion = 1;
	classes = {
	};
	objectVersion = 56;
	objects = {

/* Begin PBXBuildFile section */
		BD4CC6242A851E1100BB1B7E /* AboutMeAppApp.swift in Sources */ = {isa = PBXBuildFile; fileRef = BD4CC6232A851E1100BB1B7E /* AboutMeAppApp.swift */; };
		BD4CC6262A851E1100BB1B7E /* ContentView.swift in Sources */ = {isa = PBXBuildFile; fileRef = BD4CC6252A851E1100BB1B7E /* ContentView.swift */; };
		BD4CC6282A851E1200BB1B7E /* Assets.xcassets in Resources */ = {isa = PBXBuildFile; fileRef = BD4CC6272A851E1200BB1B7E /* Assets.xcassets */; };
		BD4CC62B2A851E1200BB1B7E /* Preview Assets.xcassets in Resources */ = {isa = PBXBuildFile; fileRef = BD4CC62A2A851E1200BB1B7E /* Preview Assets.xcassets */; };
		BD4CC6352A851E1200BB1B7E /* AboutMeAppTests.swift in Sources */ = {isa = PBXBuildFile; fileRef = BD4CC6342A851E1200BB1B7E /* AboutMeAppTests.swift */; };
		BD4CC63F2A851E1200BB1B7E /* AboutMeAppUITests.swift in Sources */ = {isa = PBXBuildFile; fileRef = BD4CC63E2A851E1200BB1B7E /* AboutMeAppUITests.swift */; };
		BD4CC6412A851E1200BB1B7E /* AboutMeAppUITestsLaunchTests.swift in Sources */ = {isa = PBXBuildFile; fileRef = BD4CC6402A851E1200BB1B7E /* AboutMeAppUITestsLaunchTests.swift */; };
/* End PBXBuildFile section */

/* Begin PBXContainerItemProxy section */
		BD4CC6312A851E1200BB1B7E /* PBXContainerItemProxy */ = {
			isa = PBXContainerItemProxy;
			containerPortal = BD4CC6182A851E1100BB1B7E /* Project object */;
			proxyType = 1;
			remoteGlobalIDString = BD4CC61F2A851E1100BB1B7E;
			remoteInfo = AboutMeApp;
		};
		BD4CC63B2A851E1200BB1B7E /* PBXContainerItemProxy */ = {
			isa = PBXContainerItemProxy;
			containerPortal = BD4CC6182A851E1100BB1B7E /* Project object */;
			proxyType = 1;
			remoteGlobalIDString = BD4CC61F2A851E1100BB1B7E;
			remoteInfo = AboutMeApp;
		};
/* End PBXContainerItemProxy section */

/* Begin PBXFileReference section */
		BD4CC6202A851E1100BB1B7E /* AboutMeApp.app */ = {isa = PBXFileReference; explicitFileType = wrapper.application; includeInIndex = 0; path = AboutMeApp.app; sourceTree = BUILT_PRODUCTS_DIR; };
		BD4CC6232A851E1100BB1B7E /* AboutMeAppApp.swift */ = {isa = PBXFileReference; lastKnownFileType = sourcecode.swift; path = AboutMeAppApp.swift; sourceTree = "<group>"; };
		BD4CC6252A851E1100BB1B7E /* ContentView.swift */ = {isa = PBXFileReference; lastKnownFileType = sourcecode.swift; path = ContentView.swift; sourceTree = "<group>"; };
		BD4CC6272A851E1200BB1B7E /* Assets.xcassets */ = {isa = PBXFileReference; lastKnownFileType = folder.assetcatalog; path = Assets.xcassets; sourceTree = "<group>"; };
		BD4CC62A2A851E1200BB1B7E /* Preview Assets.xcassets */ = {isa = PBXFileReference; lastKnownFileType = folder.assetcatalog; path = "Preview Assets.xcassets"; sourceTree = "<group>"; };
		BD4CC6302A851E1200BB1B7E /* AboutMeAppTests.xctest */ = {isa = PBXFileReference; explicitFileType = wrapper.cfbundle; includeInIndex = 0; path = AboutMeAppTests.xctest; sourceTree = BUILT_PRODUCTS_DIR; };
		BD4CC6342A851E1200BB1B7E /* AboutMeAppTests.swift */ = {isa = PBXFileReference; lastKnownFileType = sourcecode.swift; path = AboutMeAppTests.swift; sourceTree = "<group>"; };
		BD4CC63A2A851E1200BB1B7E /* AboutMeAppUITests.xctest */ = {isa = PBXFileReference; explicitFileType = wrapper.cfbundle; includeInIndex = 0; path = AboutMeAppUITests.xctest; sourceTree = BUILT_PRODUCTS_DIR; };
		BD4CC63E2A851E1200BB1B7E /* AboutMeAppUITests.swift */ = {isa = PBXFileReference; lastKnownFileType = sourcecode.swift; path = AboutMeAppUITests.swift; sourceTree = "<group>"; };
		BD4CC6402A851E1200BB1B7E /* AboutMeAppUITestsLaunchTests.swift */ = {isa = PBXFileReference; lastKnownFileType = sourcecode.swift; path = AboutMeAppUITestsLaunchTests.swift; sourceTree = "<group>"; };
/* End PBXFileReference section */

/* Begin PBXFrameworksBuildPhase section */
		BD4CC61D2A851E1100BB1B7E /* Frameworks */ = {
			isa = PBXFrameworksBuildPhase;
			buildActionMask = 2147483647;
			files = (
			);
			runOnlyForDeploymentPostprocessing = 0;
		};
		BD4CC62D2A851E1200BB1B7E /* Frameworks */ = {
			isa = PBXFrameworksBuildPhase;
			buildActionMask = 2147483647;
			files = (
			);
			runOnlyForDeploymentPostprocessing = 0;
		};
		BD4CC6372A851E1200BB1B7E /* Frameworks */ = {
			isa = PBXFrameworksBuildPhase;
			buildActionMask = 2147483647;
			files = (
			);
			runOnlyForDeploymentPostprocessing = 0;
		};
/* End PBXFrameworksBuildPhase section */

/* Begin PBXGroup section */
		BD4CC6172A851E1100BB1B7E = {
			isa = PBXGroup;
			children = (
				BD4CC6222A851E1100BB1B7E /* AboutMeApp */,
				BD4CC6332A851E1200BB1B7E /* AboutMeAppTests */,
				BD4CC63D2A851E1200BB1B7E /* AboutMeAppUITests */,
				BD4CC6212A851E1100BB1B7E /* Products */,
			);
			sourceTree = "<group>";
		};
		BD4CC6212A851E1100BB1B7E /* Products */ = {
			isa = PBXGroup;
			children = (
				BD4CC6202A851E1100BB1B7E /* AboutMeApp.app */,
				BD4CC6302A851E1200BB1B7E /* AboutMeAppTests.xctest */,
				BD4CC63A2A851E1200BB1B7E /* AboutMeAppUITests.xctest */,
			);
			name = Products;
			sourceTree = "<group>";
		};
		BD4CC6222A851E1100BB1B7E /* AboutMeApp */ = {
			isa = PBXGroup;
			children = (
				BD4CC6232A851E1100BB1B7E /* AboutMeAppApp.swift */,
				BD4CC6252A851E1100BB1B7E /* ContentView.swift */,
				BD4CC6272A851E1200BB1B7E /* Assets.xcassets */,
				BD4CC6292A851E1200BB1B7E /* Preview Content */,
			);
			path = AboutMeApp;
			sourceTree = "<group>";
		};
		BD4CC6292A851E1200BB1B7E /* Preview Content */ = {
			isa = PBXGroup;
			children = (
				BD4CC62A2A851E1200BB1B7E /* Preview Assets.xcassets */,
			);
			path = "Preview Content";
			sourceTree = "<group>";
		};
		BD4CC6332A851E1200BB1B7E /* AboutMeAppTests */ = {
			isa = PBXGroup;
			children = (
				BD4CC6342A851E1200BB1B7E /* AboutMeAppTests.swift */,
			);
			path = AboutMeAppTests;
			sourceTree = "<group>";
		};
		BD4CC63D2A851E1200BB1B7E /* AboutMeAppUITests */ = {
			isa = PBXGroup;
			children = (
				BD4CC63E2A851E1200BB1B7E /* AboutMeAppUITests.swift */,
				BD4CC6402A851E1200BB1B7E /* AboutMeAppUITestsLaunchTests.swift */,
			);
			path = AboutMeAppUITests;
			sourceTree = "<group>";
		};
/* End PBXGroup section */

/* Begin PBXNativeTarget section */
		BD4CC61F2A851E1100BB1B7E /* AboutMeApp */ = {
			isa = PBXNativeTarget;
			buildConfigurationList = BD4CC6442A851E1200BB1B7E /* Build configuration list for PBXNativeTarget "AboutMeApp" */;
			buildPhases = (
				BD4CC61C2A851E1100BB1B7E /* Sources */,
				BD4CC61D2A851E1100BB1B7E /* Frameworks */,
				BD4CC61E2A851E1100BB1B7E /* Resources */,
			);
			buildRules = (
			);
			dependencies = (
			);
			name = AboutMeApp;
			productName = AboutMeApp;
			productReference = BD4CC6202A851E1100BB1B7E /* AboutMeApp.app */;
			productType = "com.apple.product-type.application";
		};
		BD4CC62F2A851E1200BB1B7E /* AboutMeAppTests */ = {
			isa = PBXNativeTarget;
			buildConfigurationList = BD4CC6472A851E1200BB1B7E /* Build configuration list for PBXNativeTarget "AboutMeAppTests" */;
			buildPhases = (
				BD4CC62C2A851E1200BB1B7E /* Sources */,
				BD4CC62D2A851E1200BB1B7E /* Frameworks */,
				BD4CC62E2A851E1200BB1B7E /* Resources */,
			);
			buildRules = (
			);
			dependencies = (
				BD4CC6322A851E1200BB1B7E /* PBXTargetDependency */,
			);
			name = AboutMeAppTests;
			productName = AboutMeAppTests;
			productReference = BD4CC6302A851E1200BB1B7E /* AboutMeAppTests.xctest */;
			productType = "com.apple.product-type.bundle.unit-test";
		};
		BD4CC6392A851E1200BB1B7E /* AboutMeAppUITests */ = {
			isa = PBXNativeTarget;
			buildConfigurationList = BD4CC64A2A851E1200BB1B7E /* Build configuration list for PBXNativeTarget "AboutMeAppUITests" */;
			buildPhases = (
				BD4CC6362A851E1200BB1B7E /* Sources */,
				BD4CC6372A851E1200BB1B7E /* Frameworks */,
				BD4CC6382A851E1200BB1B7E /* Resources */,
			);
			buildRules = (
			);
			dependencies = (
				BD4CC63C2A851E1200BB1B7E /* PBXTargetDependency */,
			);
			name = AboutMeAppUITests;
			productName = AboutMeAppUITests;
			productReference = BD4CC63A2A851E1200BB1B7E /* AboutMeAppUITests.xctest */;
			productType = "com.apple.product-type.bundle.ui-testing";
		};
/* End PBXNativeTarget section */

/* Begin PBXProject section */
		BD4CC6182A851E1100BB1B7E /* Project object */ = {
			isa = PBXProject;
			attributes = {
				BuildIndependentTargetsInParallel = 1;
				LastSwiftUpdateCheck = 1430;
				LastUpgradeCheck = 1430;
				TargetAttributes = {
					BD4CC61F2A851E1100BB1B7E = {
						CreatedOnToolsVersion = 14.3.1;
					};
					BD4CC62F2A851E1200BB1B7E = {
						CreatedOnToolsVersion = 14.3.1;
						TestTargetID = BD4CC61F2A851E1100BB1B7E;
					};
					BD4CC6392A851E1200BB1B7E = {
						CreatedOnToolsVersion = 14.3.1;
						TestTargetID = BD4CC61F2A851E1100BB1B7E;
					};
				};
			};
			buildConfigurationList = BD4CC61B2A851E1100BB1B7E /* Build configuration list for PBXProject "AboutMeApp" */;
			compatibilityVersion = "Xcode 14.0";
			developmentRegion = en;
			hasScannedForEncodings = 0;
			knownRegions = (
				en,
				Base,
			);
			mainGroup = BD4CC6172A851E1100BB1B7E;
			productRefGroup = BD4CC6212A851E1100BB1B7E /* Products */;
			projectDirPath = "";
			projectRoot = "";
			targets = (
				BD4CC61F2A851E1100BB1B7E /* AboutMeApp */,
				BD4CC62F2A851E1200BB1B7E /* AboutMeAppTests */,
				BD4CC6392A851E1200BB1B7E /* AboutMeAppUITests */,
			);
		};
/* End PBXProject section */

/* Begin PBXResourcesBuildPhase section */
		BD4CC61E2A851E1100BB1B7E /* Resources */ = {
			isa = PBXResourcesBuildPhase;
			buildActionMask = 2147483647;
			files = (
				BD4CC62B2A851E1200BB1B7E /* Preview Assets.xcassets in Resources */,
				BD4CC6282A851E1200BB1B7E /* Assets.xcassets in Resources */,
			);
			runOnlyForDeploymentPostprocessing = 0;
		};
		BD4CC62E2A851E1200BB1B7E /* Resources */ = {
			isa = PBXResourcesBuildPhase;
			buildActionMask = 2147483647;
			files = (
			);
			runOnlyForDeploymentPostprocessing = 0;
		};
		BD4CC6382A851E1200BB1B7E /* Resources */ = {
			isa = PBXResourcesBuildPhase;
			buildActionMask = 2147483647;
			files = (
			);
			runOnlyForDeploymentPostprocessing = 0;
		};
/* End PBXResourcesBuildPhase section */

/* Begin PBXSourcesBuildPhase section */
		BD4CC61C2A851E1100BB1B7E /* Sources */ = {
			isa = PBXSourcesBuildPhase;
			buildActionMask = 2147483647;
			files = (
				BD4CC6262A851E1100BB1B7E /* ContentView.swift in Sources */,
				BD4CC6242A851E1100BB1B7E /* AboutMeAppApp.swift in Sources */,
			);
			runOnlyForDeploymentPostprocessing = 0;
		};
		BD4CC62C2A851E1200BB1B7E /* Sources */ = {
			isa = PBXSourcesBuildPhase;
			buildActionMask = 2147483647;
			files = (
				BD4CC6352A851E1200BB1B7E /* AboutMeAppTests.swift in Sources */,
			);
			runOnlyForDeploymentPostprocessing = 0;
		};
		BD4CC6362A851E1200BB1B7E /* Sources */ = {
			isa = PBXSourcesBuildPhase;
			buildActionMask = 2147483647;
			files = (
				BD4CC6412A851E1200BB1B7E /* AboutMeAppUITestsLaunchTests.swift in Sources */,
				BD4CC63F2A851E1200BB1B7E /* AboutMeAppUITests.swift in Sources */,
			);
			runOnlyForDeploymentPostprocessing = 0;
		};
/* End PBXSourcesBuildPhase section */

/* Begin PBXTargetDependency section */
		BD4CC6322A851E1200BB1B7E /* PBXTargetDependency */ = {
			isa = PBXTargetDependency;
			target = BD4CC61F2A851E1100BB1B7E /* AboutMeApp */;
			targetProxy = BD4CC6312A851E1200BB1B7E /* PBXContainerItemProxy */;
		};
		BD4CC63C2A851E1200BB1B7E /* PBXTargetDependency */ = {
			isa = PBXTargetDependency;
			target = BD4CC61F2A851E1100BB1B7E /* AboutMeApp */;
			targetProxy = BD4CC63B2A851E1200BB1B7E /* PBXContainerItemProxy */;
		};
/* End PBXTargetDependency section */

/* Begin XCBuildConfiguration section */
		BD4CC6422A851E1200BB1B7E /* Debug */ = {
			isa = XCBuildConfiguration;
			buildSettings = {
				ALWAYS_SEARCH_USER_PATHS = NO;
				CLANG_ANALYZER_NONNULL = YES;
				CLANG_ANALYZER_NUMBER_OBJECT_CONVERSION = YES_AGGRESSIVE;
				CLANG_CXX_LANGUAGE_STANDARD = "gnu++20";
				CLANG_ENABLE_MODULES = YES;
				CLANG_ENABLE_OBJC_ARC = YES;
				CLANG_ENABLE_OBJC_WEAK = YES;
				CLANG_WARN_BLOCK_CAPTURE_AUTORELEASING = YES;
				CLANG_WARN_BOOL_CONVERSION = YES;
				CLANG_WARN_COMMA = YES;
				CLANG_WARN_CONSTANT_CONVERSION = YES;
				CLANG_WARN_DEPRECATED_OBJC_IMPLEMENTATIONS = YES;
				CLANG_WARN_DIRECT_OBJC_ISA_USAGE = YES_ERROR;
				CLANG_WARN_DOCUMENTATION_COMMENTS = YES;
				CLANG_WARN_EMPTY_BODY = YES;
				CLANG_WARN_ENUM_CONVERSION = YES;
				CLANG_WARN_INFINITE_RECURSION = YES;
				CLANG_WARN_INT_CONVERSION = YES;
				CLANG_WARN_NON_LITERAL_NULL_CONVERSION = YES;
				CLANG_WARN_OBJC_IMPLICIT_RETAIN_SELF = YES;
				CLANG_WARN_OBJC_LITERAL_CONVERSION = YES;
				CLANG_WARN_OBJC_ROOT_CLASS = YES_ERROR;
				CLANG_WARN_QUOTED_INCLUDE_IN_FRAMEWORK_HEADER = YES;
				CLANG_WARN_RANGE_LOOP_ANALYSIS = YES;
				CLANG_WARN_STRICT_PROTOTYPES = YES;
				CLANG_WARN_SUSPICIOUS_MOVE = YES;
				CLANG_WARN_UNGUARDED_AVAILABILITY = YES_AGGRESSIVE;
				CLANG_WARN_UNREACHABLE_CODE = YES;
				CLANG_WARN__DUPLICATE_METHOD_MATCH = YES;
				COPY_PHASE_STRIP = NO;
				DEBUG_INFORMATION_FORMAT = dwarf;
				ENABLE_STRICT_OBJC_MSGSEND = YES;
				ENABLE_TESTABILITY = YES;
				GCC_C_LANGUAGE_STANDARD = gnu11;
				GCC_DYNAMIC_NO_PIC = NO;
				GCC_NO_COMMON_BLOCKS = YES;
				GCC_OPTIMIZATION_LEVEL = 0;
				GCC_PREPROCESSOR_DEFINITIONS = (
					"DEBUG=1",
					"$(inherited)",
				);
				GCC_WARN_64_TO_32_BIT_CONVERSION = YES;
				GCC_WARN_ABOUT_RETURN_TYPE = YES_ERROR;
				GCC_WARN_UNDECLARED_SELECTOR = YES;
				GCC_WARN_UNINITIALIZED_AUTOS = YES_AGGRESSIVE;
				GCC_WARN_UNUSED_FUNCTION = YES;
				GCC_WARN_UNUSED_VARIABLE = YES;
				IPHONEOS_DEPLOYMENT_TARGET = 16.4;
				MTL_ENABLE_DEBUG_INFO = INCLUDE_SOURCE;
				MTL_FAST_MATH = YES;
				ONLY_ACTIVE_ARCH = YES;
				SDKROOT = iphoneos;
				SWIFT_ACTIVE_COMPILATION_CONDITIONS = DEBUG;
				SWIFT_OPTIMIZATION_LEVEL = "-Onone";
			};
			name = Debug;
		};
		BD4CC6432A851E1200BB1B7E /* Release */ = {
			isa = XCBuildConfiguration;
			buildSettings = {
				ALWAYS_SEARCH_USER_PATHS = NO;
				CLANG_ANALYZER_NONNULL = YES;
				CLANG_ANALYZER_NUMBER_OBJECT_CONVERSION = YES_AGGRESSIVE;
				CLANG_CXX_LANGUAGE_STANDARD = "gnu++20";
				CLANG_ENABLE_MODULES = YES;
				CLANG_ENABLE_OBJC_ARC = YES;
				CLANG_ENABLE_OBJC_WEAK = YES;
				CLANG_WARN_BLOCK_CAPTURE_AUTORELEASING = YES;
				CLANG_WARN_BOOL_CONVERSION = YES;
				CLANG_WARN_COMMA = YES;
				CLANG_WARN_CONSTANT_CONVERSION = YES;
				CLANG_WARN_DEPRECATED_OBJC_IMPLEMENTATIONS = YES;
				CLANG_WARN_DIRECT_OBJC_ISA_USAGE = YES_ERROR;
				CLANG_WARN_DOCUMENTATION_COMMENTS = YES;
				CLANG_WARN_EMPTY_BODY = YES;
				CLANG_WARN_ENUM_CONVERSION = YES;
				CLANG_WARN_INFINITE_RECURSION = YES;
				CLANG_WARN_INT_CONVERSION = YES;
				CLANG_WARN_NON_LITERAL_NULL_CONVERSION = YES;
				CLANG_WARN_OBJC_IMPLICIT_RETAIN_SELF = YES;
				CLANG_WARN_OBJC_LITERAL_CONVERSION = YES;
				CLANG_WARN_OBJC_ROOT_CLASS = YES_ERROR;
				CLANG_WARN_QUOTED_INCLUDE_IN_FRAMEWORK_HEADER = YES;
				CLANG_WARN_RANGE_LOOP_ANALYSIS = YES;
				CLANG_WARN_STRICT_PROTOTYPES = YES;
				CLANG_WARN_SUSPICIOUS_MOVE = YES;
				CLANG_WARN_UNGUARDED_AVAILABILITY = YES_AGGRESSIVE;
				CLANG_WARN_UNREACHABLE_CODE = YES;
				CLANG_WARN__DUPLICATE_METHOD_MATCH = YES;
				COPY_PHASE_STRIP = NO;
				DEBUG_INFORMATION_FORMAT = "dwarf-with-dsym";
				ENABLE_NS_ASSERTIONS = NO;
				ENABLE_STRICT_OBJC_MSGSEND = YES;
				GCC_C_LANGUAGE_STANDARD = gnu11;
				GCC_NO_COMMON_BLOCKS = YES;
				GCC_WARN_64_TO_32_BIT_CONVERSION = YES;
				GCC_WARN_ABOUT_RETURN_TYPE = YES_ERROR;
				GCC_WARN_UNDECLARED_SELECTOR = YES;
				GCC_WARN_UNINITIALIZED_AUTOS = YES_AGGRESSIVE;
				GCC_WARN_UNUSED_FUNCTION = YES;
				GCC_WARN_UNUSED_VARIABLE = YES;
				IPHONEOS_DEPLOYMENT_TARGET = 16.4;
				MTL_ENABLE_DEBUG_INFO = NO;
				MTL_FAST_MATH = YES;
				SDKROOT = iphoneos;
				SWIFT_COMPILATION_MODE = wholemodule;
				SWIFT_OPTIMIZATION_LEVEL = "-O";
				VALIDATE_PRODUCT = YES;
			};
			name = Release;
		};
		BD4CC6452A851E1200BB1B7E /* Debug */ = {
			isa = XCBuildConfiguration;
			buildSettings = {
				ASSETCATALOG_COMPILER_APPICON_NAME = AppIcon;
				ASSETCATALOG_COMPILER_GLOBAL_ACCENT_COLOR_NAME = AccentColor;
				CODE_SIGN_STYLE = Automatic;
				CURRENT_PROJECT_VERSION = 1;
				DEVELOPMENT_ASSET_PATHS = "\"AboutMeApp/Preview Content\"";
				ENABLE_PREVIEWS = YES;
				GENERATE_INFOPLIST_FILE = YES;
				INFOPLIST_KEY_UIApplicationSceneManifest_Generation = YES;
				INFOPLIST_KEY_UIApplicationSupportsIndirectInputEvents = YES;
				INFOPLIST_KEY_UILaunchScreen_Generation = YES;
				INFOPLIST_KEY_UISupportedInterfaceOrientations_iPad = "UIInterfaceOrientationPortrait UIInterfaceOrientationPortraitUpsideDown UIInterfaceOrientationLandscapeLeft UIInterfaceOrientationLandscapeRight";
				INFOPLIST_KEY_UISupportedInterfaceOrientations_iPhone = "UIInterfaceOrientationPortrait UIInterfaceOrientationLandscapeLeft UIInterfaceOrientationLandscapeRight";
				LD_RUNPATH_SEARCH_PATHS = (
					"$(inherited)",
					"@executable_path/Frameworks",
				);
				MARKETING_VERSION = 1.0;
				PRODUCT_BUNDLE_IDENTIFIER = "Kode-with-Klossy.AboutMeApp";
				PRODUCT_NAME = "$(TARGET_NAME)";
				SWIFT_EMIT_LOC_STRINGS = YES;
				SWIFT_VERSION = 5.0;
				TARGETED_DEVICE_FAMILY = "1,2";
			};
			name = Debug;
		};
		BD4CC6462A851E1200BB1B7E /* Release */ = {
			isa = XCBuildConfiguration;
			buildSettings = {
				ASSETCATALOG_COMPILER_APPICON_NAME = AppIcon;
				ASSETCATALOG_COMPILER_GLOBAL_ACCENT_COLOR_NAME = AccentColor;
				CODE_SIGN_STYLE = Automatic;
				CURRENT_PROJECT_VERSION = 1;
				DEVELOPMENT_ASSET_PATHS = "\"AboutMeApp/Preview Content\"";
				ENABLE_PREVIEWS = YES;
				GENERATE_INFOPLIST_FILE = YES;
				INFOPLIST_KEY_UIApplicationSceneManifest_Generation = YES;
				INFOPLIST_KEY_UIApplicationSupportsIndirectInputEvents = YES;
				INFOPLIST_KEY_UILaunchScreen_Generation = YES;
				INFOPLIST_KEY_UISupportedInterfaceOrientations_iPad = "UIInterfaceOrientationPortrait UIInterfaceOrientationPortraitUpsideDown UIInterfaceOrientationLandscapeLeft UIInterfaceOrientationLandscapeRight";
				INFOPLIST_KEY_UISupportedInterfaceOrientations_iPhone = "UIInterfaceOrientationPortrait UIInterfaceOrientationLandscapeLeft UIInterfaceOrientationLandscapeRight";
				LD_RUNPATH_SEARCH_PATHS = (
					"$(inherited)",
					"@executable_path/Frameworks",
				);
				MARKETING_VERSION = 1.0;
				PRODUCT_BUNDLE_IDENTIFIER = "Kode-with-Klossy.AboutMeApp";
				PRODUCT_NAME = "$(TARGET_NAME)";
				SWIFT_EMIT_LOC_STRINGS = YES;
				SWIFT_VERSION = 5.0;
				TARGETED_DEVICE_FAMILY = "1,2";
			};
			name = Release;
		};
		BD4CC6482A851E1200BB1B7E /* Debug */ = {
			isa = XCBuildConfiguration;
			buildSettings = {
				ALWAYS_EMBED_SWIFT_STANDARD_LIBRARIES = YES;
				BUNDLE_LOADER = "$(TEST_HOST)";
				CODE_SIGN_STYLE = Automatic;
				CURRENT_PROJECT_VERSION = 1;
				GENERATE_INFOPLIST_FILE = YES;
				IPHONEOS_DEPLOYMENT_TARGET = 16.4;
				MARKETING_VERSION = 1.0;
				PRODUCT_BUNDLE_IDENTIFIER = "Kode-with-Klossy.AboutMeAppTests";
				PRODUCT_NAME = "$(TARGET_NAME)";
				SWIFT_EMIT_LOC_STRINGS = NO;
				SWIFT_VERSION = 5.0;
				TARGETED_DEVICE_FAMILY = "1,2";
				TEST_HOST = "$(BUILT_PRODUCTS_DIR)/AboutMeApp.app/$(BUNDLE_EXECUTABLE_FOLDER_PATH)/AboutMeApp";
			};
			name = Debug;
		};
		BD4CC6492A851E1200BB1B7E /* Release */ = {
			isa = XCBuildConfiguration;
			buildSettings = {
				ALWAYS_EMBED_SWIFT_STANDARD_LIBRARIES = YES;
				BUNDLE_LOADER = "$(TEST_HOST)";
				CODE_SIGN_STYLE = Automatic;
				CURRENT_PROJECT_VERSION = 1;
				GENERATE_INFOPLIST_FILE = YES;
				IPHONEOS_DEPLOYMENT_TARGET = 16.4;
				MARKETING_VERSION = 1.0;
				PRODUCT_BUNDLE_IDENTIFIER = "Kode-with-Klossy.AboutMeAppTests";
				PRODUCT_NAME = "$(TARGET_NAME)";
				SWIFT_EMIT_LOC_STRINGS = NO;
				SWIFT_VERSION = 5.0;
				TARGETED_DEVICE_FAMILY = "1,2";
				TEST_HOST = "$(BUILT_PRODUCTS_DIR)/AboutMeApp.app/$(BUNDLE_EXECUTABLE_FOLDER_PATH)/AboutMeApp";
			};
			name = Release;
		};
		BD4CC64B2A851E1200BB1B7E /* Debug */ = {
			isa = XCBuildConfiguration;
			buildSettings = {
				ALWAYS_EMBED_SWIFT_STANDARD_LIBRARIES = YES;
				CODE_SIGN_STYLE = Automatic;
				CURRENT_PROJECT_VERSION = 1;
				GENERATE_INFOPLIST_FILE = YES;
				MARKETING_VERSION = 1.0;
				PRODUCT_BUNDLE_IDENTIFIER = "Kode-with-Klossy.AboutMeAppUITests";
				PRODUCT_NAME = "$(TARGET_NAME)";
				SWIFT_EMIT_LOC_STRINGS = NO;
				SWIFT_VERSION = 5.0;
				TARGETED_DEVICE_FAMILY = "1,2";
				TEST_TARGET_NAME = AboutMeApp;
			};
			name = Debug;
		};
		BD4CC64C2A851E1200BB1B7E /* Release */ = {
			isa = XCBuildConfiguration;
			buildSettings = {
				ALWAYS_EMBED_SWIFT_STANDARD_LIBRARIES = YES;
				CODE_SIGN_STYLE = Automatic;
				CURRENT_PROJECT_VERSION = 1;
				GENERATE_INFOPLIST_FILE = YES;
				MARKETING_VERSION = 1.0;
				PRODUCT_BUNDLE_IDENTIFIER = "Kode-with-Klossy.AboutMeAppUITests";
				PRODUCT_NAME = "$(TARGET_NAME)";
				SWIFT_EMIT_LOC_STRINGS = NO;
				SWIFT_VERSION = 5.0;
				TARGETED_DEVICE_FAMILY = "1,2";
				TEST_TARGET_NAME = AboutMeApp;
			};
			name = Release;
		};
/* End XCBuildConfiguration section */

/* Begin XCConfigurationList section */
		BD4CC61B2A851E1100BB1B7E /* Build configuration list for PBXProject "AboutMeApp" */ = {
			isa = XCConfigurationList;
			buildConfigurations = (
				BD4CC6422A851E1200BB1B7E /* Debug */,
				BD4CC6432A851E1200BB1B7E /* Release */,
			);
			defaultConfigurationIsVisible = 0;
			defaultConfigurationName = Release;
		};
		BD4CC6442A851E1200BB1B7E /* Build configuration list for PBXNativeTarget "AboutMeApp" */ = {
			isa = XCConfigurationList;
			buildConfigurations = (
				BD4CC6452A851E1200BB1B7E /* Debug */,
				BD4CC6462A851E1200BB1B7E /* Release */,
			);
			defaultConfigurationIsVisible = 0;
			defaultConfigurationName = Release;
		};
		BD4CC6472A851E1200BB1B7E /* Build configuration list for PBXNativeTarget "AboutMeAppTests" */ = {
			isa = XCConfigurationList;
			buildConfigurations = (
				BD4CC6482A851E1200BB1B7E /* Debug */,
				BD4CC6492A851E1200BB1B7E /* Release */,
			);
			defaultConfigurationIsVisible = 0;
			defaultConfigurationName = Release;
		};
		BD4CC64A2A851E1200BB1B7E /* Build configuration list for PBXNativeTarget "AboutMeAppUITests" */ = {
			isa = XCConfigurationList;
			buildConfigurations = (
				BD4CC64B2A851E1200BB1B7E /* Debug */,
				BD4CC64C2A851E1200BB1B7E /* Release */,
			);
			defaultConfigurationIsVisible = 0;
			defaultConfigurationName = Release;
		};
/* End XCConfigurationList section */
	};
	rootObject = BD4CC6182A851E1100BB1B7E /* Project object */;
}
